
Microsoft Visual Studio Solution File, Format Version 12.00
# Visual Studio 15
VisualStudioVersion = 15.0.27428.2027
MinimumVisualStudioVersion = 10.0.40219.1
Project("{9A19103F-16F7-4668-BE54-9A1E7A4F7556}") = "Tellure.Entities", "src\Tellure.Entities\Tellure.Entities.csproj", "{C8AD3865-0E68-479C-92E1-0BC3D5FDBAED}"
EndProject
Project("{9A19103F-16F7-4668-BE54-9A1E7A4F7556}") = "Tellure.Algorithms", "src\Tellure.Algorithms\Tellure.Algorithms.csproj", "{9388FED7-F409-4E8A-89ED-C3F7978E84E8}"
EndProject
Project("{9A19103F-16F7-4668-BE54-9A1E7A4F7556}") = "Tellure.Generator", "src\Tellure.Generator\Tellure.Generator.csproj", "{E8151508-0912-40B7-B0E7-0E7CD1276B59}"
EndProject
Project("{2150E333-8FDC-42A3-9474-1A3956D46DE8}") = "Solution Items", "Solution Items", "{0C16DC9F-D53C-444D-9130-EFEE6572FAA9}"
	ProjectSection(SolutionItems) = preProject
		.editorconfig = .editorconfig
	EndProjectSection
EndProject
Global
	GlobalSection(SolutionConfigurationPlatforms) = preSolution
		Debug|Any CPU = Debug|Any CPU
		Release|Any CPU = Release|Any CPU
	EndGlobalSection
	GlobalSection(ProjectConfigurationPlatforms) = postSolution
		{C8AD3865-0E68-479C-92E1-0BC3D5FDBAED}.Debug|Any CPU.ActiveCfg = Debug|Any CPU
		{C8AD3865-0E68-479C-92E1-0BC3D5FDBAED}.Debug|Any CPU.Build.0 = Debug|Any CPU
		{C8AD3865-0E68-479C-92E1-0BC3D5FDBAED}.Release|Any CPU.ActiveCfg = Release|Any CPU
		{C8AD3865-0E68-479C-92E1-0BC3D5FDBAED}.Release|Any CPU.Build.0 = Release|Any CPU
		{9388FED7-F409-4E8A-89ED-C3F7978E84E8}.Debug|Any CPU.ActiveCfg = Debug|Any CPU
		{9388FED7-F409-4E8A-89ED-C3F7978E84E8}.Debug|Any CPU.Build.0 = Debug|Any CPU
		{9388FED7-F409-4E8A-89ED-C3F7978E84E8}.Release|Any CPU.ActiveCfg = Release|Any CPU
		{9388FED7-F409-4E8A-89ED-C3F7978E84E8}.Release|Any CPU.Build.0 = Release|Any CPU
		{E8151508-0912-40B7-B0E7-0E7CD1276B59}.Debug|Any CPU.ActiveCfg = Debug|Any CPU
		{E8151508-0912-40B7-B0E7-0E7CD1276B59}.Debug|Any CPU.Build.0 = Debug|Any CPU
		{E8151508-0912-40B7-B0E7-0E7CD1276B59}.Release|Any CPU.ActiveCfg = Release|Any CPU
		{E8151508-0912-40B7-B0E7-0E7CD1276B59}.Release|Any CPU.Build.0 = Release|Any CPU
	EndGlobalSection
	GlobalSection(SolutionProperties) = preSolution
		HideSolutionNode = FALSE
	EndGlobalSection
	GlobalSection(ExtensibilityGlobals) = postSolution
		SolutionGuid = {024544CE-2A12-488B-A9D8-F7229E6D3E6A}
	EndGlobalSection
EndGlobal
